
Microsoft Visual Studio Solution File, Format Version 12.00
Project("{FAE04EC0-301F-11D3-BF4B-00C04F79EFBC}") = "EasyLinkSDKCSharp", "EasyLinkSDKCSharp\EasyLinkSDKCSharp.csproj", "{B9A286D5-8E1E-4A6D-9D66-E8418FBEE9CC}"
EndProject
Project("{FAE04EC0-301F-11D3-BF4B-00C04F79EFBC}") = "ChessnutConsole", "ChessnutConsole\ChessnutConsole.csproj", "{813B70F9-9831-4793-9F04-C549CD81B747}"
EndProject
Project("{FAE04EC0-301F-11D3-BF4B-00C04F79EFBC}") = "ChessnutBoardEmulator", "ChessnutBoardEmulator\ChessnutBoardEmulator.csproj", "{841318BD-1D67-4689-B517-6BAAF0B86B3C}"
EndProject
Global
	GlobalSection(SolutionConfigurationPlatforms) = preSolution
		Debug|Any CPU = Debug|Any CPU
		Release|Any CPU = Release|Any CPU
	EndGlobalSection
	GlobalSection(ProjectConfigurationPlatforms) = postSolution
		{B9A286D5-8E1E-4A6D-9D66-E8418FBEE9CC}.Debug|Any CPU.ActiveCfg = Debug|Any CPU
		{B9A286D5-8E1E-4A6D-9D66-E8418FBEE9CC}.Debug|Any CPU.Build.0 = Debug|Any CPU
		{B9A286D5-8E1E-4A6D-9D66-E8418FBEE9CC}.Release|Any CPU.ActiveCfg = Release|Any CPU
		{B9A286D5-8E1E-4A6D-9D66-E8418FBEE9CC}.Release|Any CPU.Build.0 = Release|Any CPU
		{813B70F9-9831-4793-9F04-C549CD81B747}.Debug|Any CPU.ActiveCfg = Debug|Any CPU
		{813B70F9-9831-4793-9F04-C549CD81B747}.Debug|Any CPU.Build.0 = Debug|Any CPU
		{813B70F9-9831-4793-9F04-C549CD81B747}.Release|Any CPU.ActiveCfg = Release|Any CPU
		{813B70F9-9831-4793-9F04-C549CD81B747}.Release|Any CPU.Build.0 = Release|Any CPU
		{841318BD-1D67-4689-B517-6BAAF0B86B3C}.Debug|Any CPU.ActiveCfg = Debug|Any CPU
		{841318BD-1D67-4689-B517-6BAAF0B86B3C}.Debug|Any CPU.Build.0 = Debug|Any CPU
		{841318BD-1D67-4689-B517-6BAAF0B86B3C}.Release|Any CPU.ActiveCfg = Release|Any CPU
		{841318BD-1D67-4689-B517-6BAAF0B86B3C}.Release|Any CPU.Build.0 = Release|Any CPU
	EndGlobalSection
EndGlobal
